
Microsoft Visual Studio Solution File, Format Version 12.00
# Visual Studio 15
VisualStudioVersion = 15.0.26124.0
MinimumVisualStudioVersion = 15.0.26124.0
Project("{2150E333-8FDC-42A3-9474-1A3956D46DE8}") = "src", "src", "{2D8743A5-7D0F-4BE7-9CFB-ECB257B33B6E}"
EndProject
Project("{FAE04EC0-301F-11D3-BF4B-00C04F79EFBC}") = "CashBack.Web", "src\CashBack.Web\CashBack.Web.csproj", "{10D39521-7C89-4392-ABAD-EE8081CC0A3C}"
EndProject
Project("{FAE04EC0-301F-11D3-BF4B-00C04F79EFBC}") = "CashBack.Data.EntityFramework", "src\CashBack.Data.EntityFramework\CashBack.Data.EntityFramework.csproj", "{841D86DD-F503-4A24-80E9-FD888BB90073}"
EndProject
Project("{FAE04EC0-301F-11D3-BF4B-00C04F79EFBC}") = "CashBack.Application", "src\CashBack.Application\CashBack.Application.csproj", "{163E72E3-7519-4AC9-84E0-3AFFEC64470D}"
EndProject
Project("{FAE04EC0-301F-11D3-BF4B-00C04F79EFBC}") = "CashBack.Domain", "src\CashBack.Domain\CashBack.Domain.csproj", "{2127C964-8E9B-4CAD-8834-5664BBD93328}"
EndProject
Project("{2150E333-8FDC-42A3-9474-1A3956D46DE8}") = "test", "test", "{C3EBC69F-8247-4AEE-AF92-372394D3E3D5}"
EndProject
Project("{FAE04EC0-301F-11D3-BF4B-00C04F79EFBC}") = "CashBack.Application.Tests", "test\CashBack.Application.Tests\CashBack.Application.Tests.csproj", "{6DB657C9-4283-4D1B-8C2B-65831015BE15}"
EndProject
Project("{FAE04EC0-301F-11D3-BF4B-00C04F79EFBC}") = "CashBack.Integration.Tests", "test\CashBack.Integration.Tests\CashBack.Integration.Tests.csproj", "{46541E66-A1AE-4B06-B329-36444125B40B}"
EndProject
Global
	GlobalSection(SolutionConfigurationPlatforms) = preSolution
		Debug|Any CPU = Debug|Any CPU
		Debug|x64 = Debug|x64
		Debug|x86 = Debug|x86
		Release|Any CPU = Release|Any CPU
		Release|x64 = Release|x64
		Release|x86 = Release|x86
	EndGlobalSection
	GlobalSection(SolutionProperties) = preSolution
		HideSolutionNode = FALSE
	EndGlobalSection
	GlobalSection(ProjectConfigurationPlatforms) = postSolution
		{10D39521-7C89-4392-ABAD-EE8081CC0A3C}.Debug|Any CPU.ActiveCfg = Debug|Any CPU
		{10D39521-7C89-4392-ABAD-EE8081CC0A3C}.Debug|Any CPU.Build.0 = Debug|Any CPU
		{10D39521-7C89-4392-ABAD-EE8081CC0A3C}.Debug|x64.ActiveCfg = Debug|Any CPU
		{10D39521-7C89-4392-ABAD-EE8081CC0A3C}.Debug|x64.Build.0 = Debug|Any CPU
		{10D39521-7C89-4392-ABAD-EE8081CC0A3C}.Debug|x86.ActiveCfg = Debug|Any CPU
		{10D39521-7C89-4392-ABAD-EE8081CC0A3C}.Debug|x86.Build.0 = Debug|Any CPU
		{10D39521-7C89-4392-ABAD-EE8081CC0A3C}.Release|Any CPU.ActiveCfg = Release|Any CPU
		{10D39521-7C89-4392-ABAD-EE8081CC0A3C}.Release|Any CPU.Build.0 = Release|Any CPU
		{10D39521-7C89-4392-ABAD-EE8081CC0A3C}.Release|x64.ActiveCfg = Release|Any CPU
		{10D39521-7C89-4392-ABAD-EE8081CC0A3C}.Release|x64.Build.0 = Release|Any CPU
		{10D39521-7C89-4392-ABAD-EE8081CC0A3C}.Release|x86.ActiveCfg = Release|Any CPU
		{10D39521-7C89-4392-ABAD-EE8081CC0A3C}.Release|x86.Build.0 = Release|Any CPU
		{841D86DD-F503-4A24-80E9-FD888BB90073}.Debug|Any CPU.ActiveCfg = Debug|Any CPU
		{841D86DD-F503-4A24-80E9-FD888BB90073}.Debug|Any CPU.Build.0 = Debug|Any CPU
		{841D86DD-F503-4A24-80E9-FD888BB90073}.Debug|x64.ActiveCfg = Debug|Any CPU
		{841D86DD-F503-4A24-80E9-FD888BB90073}.Debug|x64.Build.0 = Debug|Any CPU
		{841D86DD-F503-4A24-80E9-FD888BB90073}.Debug|x86.ActiveCfg = Debug|Any CPU
		{841D86DD-F503-4A24-80E9-FD888BB90073}.Debug|x86.Build.0 = Debug|Any CPU
		{841D86DD-F503-4A24-80E9-FD888BB90073}.Release|Any CPU.ActiveCfg = Release|Any CPU
		{841D86DD-F503-4A24-80E9-FD888BB90073}.Release|Any CPU.Build.0 = Release|Any CPU
		{841D86DD-F503-4A24-80E9-FD888BB90073}.Release|x64.ActiveCfg = Release|Any CPU
		{841D86DD-F503-4A24-80E9-FD888BB90073}.Release|x64.Build.0 = Release|Any CPU
		{841D86DD-F503-4A24-80E9-FD888BB90073}.Release|x86.ActiveCfg = Release|Any CPU
		{841D86DD-F503-4A24-80E9-FD888BB90073}.Release|x86.Build.0 = Release|Any CPU
		{163E72E3-7519-4AC9-84E0-3AFFEC64470D}.Debug|Any CPU.ActiveCfg = Debug|Any CPU
		{163E72E3-7519-4AC9-84E0-3AFFEC64470D}.Debug|Any CPU.Build.0 = Debug|Any CPU
		{163E72E3-7519-4AC9-84E0-3AFFEC64470D}.Debug|x64.ActiveCfg = Debug|Any CPU
		{163E72E3-7519-4AC9-84E0-3AFFEC64470D}.Debug|x64.Build.0 = Debug|Any CPU
		{163E72E3-7519-4AC9-84E0-3AFFEC64470D}.Debug|x86.ActiveCfg = Debug|Any CPU
		{163E72E3-7519-4AC9-84E0-3AFFEC64470D}.Debug|x86.Build.0 = Debug|Any CPU
		{163E72E3-7519-4AC9-84E0-3AFFEC64470D}.Release|Any CPU.ActiveCfg = Release|Any CPU
		{163E72E3-7519-4AC9-84E0-3AFFEC64470D}.Release|Any CPU.Build.0 = Release|Any CPU
		{163E72E3-7519-4AC9-84E0-3AFFEC64470D}.Release|x64.ActiveCfg = Release|Any CPU
		{163E72E3-7519-4AC9-84E0-3AFFEC64470D}.Release|x64.Build.0 = Release|Any CPU
		{163E72E3-7519-4AC9-84E0-3AFFEC64470D}.Release|x86.ActiveCfg = Release|Any CPU
		{163E72E3-7519-4AC9-84E0-3AFFEC64470D}.Release|x86.Build.0 = Release|Any CPU
		{2127C964-8E9B-4CAD-8834-5664BBD93328}.Debug|Any CPU.ActiveCfg = Debug|Any CPU
		{2127C964-8E9B-4CAD-8834-5664BBD93328}.Debug|Any CPU.Build.0 = Debug|Any CPU
		{2127C964-8E9B-4CAD-8834-5664BBD93328}.Debug|x64.ActiveCfg = Debug|Any CPU
		{2127C964-8E9B-4CAD-8834-5664BBD93328}.Debug|x64.Build.0 = Debug|Any CPU
		{2127C964-8E9B-4CAD-8834-5664BBD93328}.Debug|x86.ActiveCfg = Debug|Any CPU
		{2127C964-8E9B-4CAD-8834-5664BBD93328}.Debug|x86.Build.0 = Debug|Any CPU
		{2127C964-8E9B-4CAD-8834-5664BBD93328}.Release|Any CPU.ActiveCfg = Release|Any CPU
		{2127C964-8E9B-4CAD-8834-5664BBD93328}.Release|Any CPU.Build.0 = Release|Any CPU
		{2127C964-8E9B-4CAD-8834-5664BBD93328}.Release|x64.ActiveCfg = Release|Any CPU
		{2127C964-8E9B-4CAD-8834-5664BBD93328}.Release|x64.Build.0 = Release|Any CPU
		{2127C964-8E9B-4CAD-8834-5664BBD93328}.Release|x86.ActiveCfg = Release|Any CPU
		{2127C964-8E9B-4CAD-8834-5664BBD93328}.Release|x86.Build.0 = Release|Any CPU
		{6DB657C9-4283-4D1B-8C2B-65831015BE15}.Debug|Any CPU.ActiveCfg = Debug|Any CPU
		{6DB657C9-4283-4D1B-8C2B-65831015BE15}.Debug|Any CPU.Build.0 = Debug|Any CPU
		{6DB657C9-4283-4D1B-8C2B-65831015BE15}.Debug|x64.ActiveCfg = Debug|Any CPU
		{6DB657C9-4283-4D1B-8C2B-65831015BE15}.Debug|x64.Build.0 = Debug|Any CPU
		{6DB657C9-4283-4D1B-8C2B-65831015BE15}.Debug|x86.ActiveCfg = Debug|Any CPU
		{6DB657C9-4283-4D1B-8C2B-65831015BE15}.Debug|x86.Build.0 = Debug|Any CPU
		{6DB657C9-4283-4D1B-8C2B-65831015BE15}.Release|Any CPU.ActiveCfg = Release|Any CPU
		{6DB657C9-4283-4D1B-8C2B-65831015BE15}.Release|Any CPU.Build.0 = Release|Any CPU
		{6DB657C9-4283-4D1B-8C2B-65831015BE15}.Release|x64.ActiveCfg = Release|Any CPU
		{6DB657C9-4283-4D1B-8C2B-65831015BE15}.Release|x64.Build.0 = Release|Any CPU
		{6DB657C9-4283-4D1B-8C2B-65831015BE15}.Release|x86.ActiveCfg = Release|Any CPU
		{6DB657C9-4283-4D1B-8C2B-65831015BE15}.Release|x86.Build.0 = Release|Any CPU
		{46541E66-A1AE-4B06-B329-36444125B40B}.Debug|Any CPU.ActiveCfg = Debug|Any CPU
		{46541E66-A1AE-4B06-B329-36444125B40B}.Debug|Any CPU.Build.0 = Debug|Any CPU
		{46541E66-A1AE-4B06-B329-36444125B40B}.Debug|x64.ActiveCfg = Debug|Any CPU
		{46541E66-A1AE-4B06-B329-36444125B40B}.Debug|x64.Build.0 = Debug|Any CPU
		{46541E66-A1AE-4B06-B329-36444125B40B}.Debug|x86.ActiveCfg = Debug|Any CPU
		{46541E66-A1AE-4B06-B329-36444125B40B}.Debug|x86.Build.0 = Debug|Any CPU
		{46541E66-A1AE-4B06-B329-36444125B40B}.Release|Any CPU.ActiveCfg = Release|Any CPU
		{46541E66-A1AE-4B06-B329-36444125B40B}.Release|Any CPU.Build.0 = Release|Any CPU
		{46541E66-A1AE-4B06-B329-36444125B40B}.Release|x64.ActiveCfg = Release|Any CPU
		{46541E66-A1AE-4B06-B329-36444125B40B}.Release|x64.Build.0 = Release|Any CPU
		{46541E66-A1AE-4B06-B329-36444125B40B}.Release|x86.ActiveCfg = Release|Any CPU
		{46541E66-A1AE-4B06-B329-36444125B40B}.Release|x86.Build.0 = Release|Any CPU
	EndGlobalSection
	GlobalSection(NestedProjects) = preSolution
		{10D39521-7C89-4392-ABAD-EE8081CC0A3C} = {2D8743A5-7D0F-4BE7-9CFB-ECB257B33B6E}
		{841D86DD-F503-4A24-80E9-FD888BB90073} = {2D8743A5-7D0F-4BE7-9CFB-ECB257B33B6E}
		{163E72E3-7519-4AC9-84E0-3AFFEC64470D} = {2D8743A5-7D0F-4BE7-9CFB-ECB257B33B6E}
		{2127C964-8E9B-4CAD-8834-5664BBD93328} = {2D8743A5-7D0F-4BE7-9CFB-ECB257B33B6E}
		{6DB657C9-4283-4D1B-8C2B-65831015BE15} = {C3EBC69F-8247-4AEE-AF92-372394D3E3D5}
		{46541E66-A1AE-4B06-B329-36444125B40B} = {C3EBC69F-8247-4AEE-AF92-372394D3E3D5}
	EndGlobalSection
EndGlobal
